
Microsoft Visual Studio Solution File, Format Version 12.00
# Visual Studio 15
VisualStudioVersion = 15.0.28307.136
MinimumVisualStudioVersion = 10.0.40219.1
Project("{FAE04EC0-301F-11D3-BF4B-00C04F79EFBC}") = "angularjs_mvc", "angularjs_mvc\angularjs_mvc.csproj", "{1B24E2BC-DBC6-48B4-9607-A8A658A83F72}"
EndProject
Global
	GlobalSection(SolutionConfigurationPlatforms) = preSolution
		Debug|Any CPU = Debug|Any CPU
		Release|Any CPU = Release|Any CPU
	EndGlobalSection
	GlobalSection(ProjectConfigurationPlatforms) = postSolution
		{1B24E2BC-DBC6-48B4-9607-A8A658A83F72}.Debug|Any CPU.ActiveCfg = Debug|Any CPU
		{1B24E2BC-DBC6-48B4-9607-A8A658A83F72}.Debug|Any CPU.Build.0 = Debug|Any CPU
		{1B24E2BC-DBC6-48B4-9607-A8A658A83F72}.Release|Any CPU.ActiveCfg = Release|Any CPU
		{1B24E2BC-DBC6-48B4-9607-A8A658A83F72}.Release|Any CPU.Build.0 = Release|Any CPU
	EndGlobalSection
	GlobalSection(SolutionProperties) = preSolution
		HideSolutionNode = FALSE
	EndGlobalSection
	GlobalSection(ExtensibilityGlobals) = postSolution
		SolutionGuid = {28A2773C-63DF-4ED5-8554-1517C57486BA}
	EndGlobalSection
EndGlobal
